
Microsoft Visual Studio Solution File, Format Version 12.00
# Visual Studio Version 16
VisualStudioVersion = 16.0.29306.81
MinimumVisualStudioVersion = 10.0.40219.1
Project("{FAE04EC0-301F-11D3-BF4B-00C04F79EFBC}") = "Installer", "Installer\Installer.csproj", "{BBA14BC2-2E1D-4A6F-882C-A89A4D02EF35}"
EndProject
Project("{FAE04EC0-301F-11D3-BF4B-00C04F79EFBC}") = "Updater", "Updater\Updater.csproj", "{23F7F95D-A53B-4353-9756-D12B10A4C438}"
EndProject
Project("{FAE04EC0-301F-11D3-BF4B-00C04F79EFBC}") = "WindEnergy", "WindEnergy\WindEnergy.csproj", "{2CBE3C11-48FC-44DD-ABDD-BB73E6D3E31E}"
	ProjectSection(ProjectDependencies) = postProject
		{E9DA177C-C6DA-445F-A067-2634B0BBFB96} = {E9DA177C-C6DA-445F-A067-2634B0BBFB96}
	EndProjectSection
EndProject
Project("{FAE04EC0-301F-11D3-BF4B-00C04F79EFBC}") = "WindLib", "WindLib\WindLib.csproj", "{E9DA177C-C6DA-445F-A067-2634B0BBFB96}"
EndProject
Project("{FAE04EC0-301F-11D3-BF4B-00C04F79EFBC}") = "SolarLib", "SolarLib\SolarLib.csproj", "{9BCE8965-3956-4616-AA37-FCC199ED313D}"
EndProject
Project("{FAE04EC0-301F-11D3-BF4B-00C04F79EFBC}") = "CommonLib", "CommonLib\CommonLib.csproj", "{6796E0D1-5887-40F1-83A0-B8E4000AD164}"
EndProject
Project("{2150E333-8FDC-42A3-9474-1A3956D46DE8}") = "Install", "Install", "{B15772A2-D850-40B1-A133-FD0EAB6E3691}"
EndProject
Project("{2150E333-8FDC-42A3-9474-1A3956D46DE8}") = "Solar", "Solar", "{0D634303-8D75-4E4A-99E0-EA5830AD3B37}"
EndProject
Project("{2150E333-8FDC-42A3-9474-1A3956D46DE8}") = "Wind", "Wind", "{57F78263-5BD0-4D34-8F12-0940E209825E}"
EndProject
Project("{FAE04EC0-301F-11D3-BF4B-00C04F79EFBC}") = "SolarEnergy", "SolarEnergy\SolarEnergy.csproj", "{BCFCCD1F-F443-4548-A815-F418466BC845}"
EndProject
Project("{FAE04EC0-301F-11D3-BF4B-00C04F79EFBC}") = "preinstall", "preinstall\preinstall.csproj", "{DEE69ACE-B1AC-4F26-9538-9AE7186B1A55}"
EndProject
Project("{FAE04EC0-301F-11D3-BF4B-00C04F79EFBC}") = "postinstall", "postinstall\postinstall.csproj", "{9539125B-706E-4A3A-9364-53FD2BE435F9}"
EndProject
Global
	GlobalSection(SolutionConfigurationPlatforms) = preSolution
		Debug|Any CPU = Debug|Any CPU
		Debug|x64 = Debug|x64
		Debug|x86 = Debug|x86
		Release|Any CPU = Release|Any CPU
		Release|x64 = Release|x64
		Release|x86 = Release|x86
	EndGlobalSection
	GlobalSection(ProjectConfigurationPlatforms) = postSolution
		{BBA14BC2-2E1D-4A6F-882C-A89A4D02EF35}.Debug|Any CPU.ActiveCfg = Debug|Any CPU
		{BBA14BC2-2E1D-4A6F-882C-A89A4D02EF35}.Debug|Any CPU.Build.0 = Debug|Any CPU
		{BBA14BC2-2E1D-4A6F-882C-A89A4D02EF35}.Debug|x64.ActiveCfg = Debug|Any CPU
		{BBA14BC2-2E1D-4A6F-882C-A89A4D02EF35}.Debug|x64.Build.0 = Debug|Any CPU
		{BBA14BC2-2E1D-4A6F-882C-A89A4D02EF35}.Debug|x86.ActiveCfg = Debug|Any CPU
		{BBA14BC2-2E1D-4A6F-882C-A89A4D02EF35}.Debug|x86.Build.0 = Debug|Any CPU
		{BBA14BC2-2E1D-4A6F-882C-A89A4D02EF35}.Release|Any CPU.ActiveCfg = Release|Any CPU
		{BBA14BC2-2E1D-4A6F-882C-A89A4D02EF35}.Release|Any CPU.Build.0 = Release|Any CPU
		{BBA14BC2-2E1D-4A6F-882C-A89A4D02EF35}.Release|x64.ActiveCfg = Release|Any CPU
		{BBA14BC2-2E1D-4A6F-882C-A89A4D02EF35}.Release|x64.Build.0 = Release|Any CPU
		{BBA14BC2-2E1D-4A6F-882C-A89A4D02EF35}.Release|x86.ActiveCfg = Release|Any CPU
		{BBA14BC2-2E1D-4A6F-882C-A89A4D02EF35}.Release|x86.Build.0 = Release|Any CPU
		{23F7F95D-A53B-4353-9756-D12B10A4C438}.Debug|Any CPU.ActiveCfg = Debug|Any CPU
		{23F7F95D-A53B-4353-9756-D12B10A4C438}.Debug|Any CPU.Build.0 = Debug|Any CPU
		{23F7F95D-A53B-4353-9756-D12B10A4C438}.Debug|x64.ActiveCfg = Debug|Any CPU
		{23F7F95D-A53B-4353-9756-D12B10A4C438}.Debug|x64.Build.0 = Debug|Any CPU
		{23F7F95D-A53B-4353-9756-D12B10A4C438}.Debug|x86.ActiveCfg = Debug|Any CPU
		{23F7F95D-A53B-4353-9756-D12B10A4C438}.Debug|x86.Build.0 = Debug|Any CPU
		{23F7F95D-A53B-4353-9756-D12B10A4C438}.Release|Any CPU.ActiveCfg = Release|Any CPU
		{23F7F95D-A53B-4353-9756-D12B10A4C438}.Release|Any CPU.Build.0 = Release|Any CPU
		{23F7F95D-A53B-4353-9756-D12B10A4C438}.Release|x64.ActiveCfg = Release|Any CPU
		{23F7F95D-A53B-4353-9756-D12B10A4C438}.Release|x64.Build.0 = Release|Any CPU
		{23F7F95D-A53B-4353-9756-D12B10A4C438}.Release|x86.ActiveCfg = Release|Any CPU
		{23F7F95D-A53B-4353-9756-D12B10A4C438}.Release|x86.Build.0 = Release|Any CPU
		{2CBE3C11-48FC-44DD-ABDD-BB73E6D3E31E}.Debug|Any CPU.ActiveCfg = Debug|Any CPU
		{2CBE3C11-48FC-44DD-ABDD-BB73E6D3E31E}.Debug|Any CPU.Build.0 = Debug|Any CPU
		{2CBE3C11-48FC-44DD-ABDD-BB73E6D3E31E}.Debug|x64.ActiveCfg = Debug|Any CPU
		{2CBE3C11-48FC-44DD-ABDD-BB73E6D3E31E}.Debug|x64.Build.0 = Debug|Any CPU
		{2CBE3C11-48FC-44DD-ABDD-BB73E6D3E31E}.Debug|x86.ActiveCfg = Debug|Any CPU
		{2CBE3C11-48FC-44DD-ABDD-BB73E6D3E31E}.Debug|x86.Build.0 = Debug|Any CPU
		{2CBE3C11-48FC-44DD-ABDD-BB73E6D3E31E}.Release|Any CPU.ActiveCfg = Release|Any CPU
		{2CBE3C11-48FC-44DD-ABDD-BB73E6D3E31E}.Release|Any CPU.Build.0 = Release|Any CPU
		{2CBE3C11-48FC-44DD-ABDD-BB73E6D3E31E}.Release|x64.ActiveCfg = Release|Any CPU
		{2CBE3C11-48FC-44DD-ABDD-BB73E6D3E31E}.Release|x64.Build.0 = Release|Any CPU
		{2CBE3C11-48FC-44DD-ABDD-BB73E6D3E31E}.Release|x86.ActiveCfg = Release|Any CPU
		{2CBE3C11-48FC-44DD-ABDD-BB73E6D3E31E}.Release|x86.Build.0 = Release|Any CPU
		{E9DA177C-C6DA-445F-A067-2634B0BBFB96}.Debug|Any CPU.ActiveCfg = Debug|Any CPU
		{E9DA177C-C6DA-445F-A067-2634B0BBFB96}.Debug|Any CPU.Build.0 = Debug|Any CPU
		{E9DA177C-C6DA-445F-A067-2634B0BBFB96}.Debug|x64.ActiveCfg = Debug|Any CPU
		{E9DA177C-C6DA-445F-A067-2634B0BBFB96}.Debug|x64.Build.0 = Debug|Any CPU
		{E9DA177C-C6DA-445F-A067-2634B0BBFB96}.Debug|x86.ActiveCfg = Debug|Any CPU
		{E9DA177C-C6DA-445F-A067-2634B0BBFB96}.Debug|x86.Build.0 = Debug|Any CPU
		{E9DA177C-C6DA-445F-A067-2634B0BBFB96}.Release|Any CPU.ActiveCfg = Release|Any CPU
		{E9DA177C-C6DA-445F-A067-2634B0BBFB96}.Release|Any CPU.Build.0 = Release|Any CPU
		{E9DA177C-C6DA-445F-A067-2634B0BBFB96}.Release|x64.ActiveCfg = Release|Any CPU
		{E9DA177C-C6DA-445F-A067-2634B0BBFB96}.Release|x64.Build.0 = Release|Any CPU
		{E9DA177C-C6DA-445F-A067-2634B0BBFB96}.Release|x86.ActiveCfg = Release|Any CPU
		{E9DA177C-C6DA-445F-A067-2634B0BBFB96}.Release|x86.Build.0 = Release|Any CPU
		{9BCE8965-3956-4616-AA37-FCC199ED313D}.Debug|Any CPU.ActiveCfg = Debug|Any CPU
		{9BCE8965-3956-4616-AA37-FCC199ED313D}.Debug|Any CPU.Build.0 = Debug|Any CPU
		{9BCE8965-3956-4616-AA37-FCC199ED313D}.Debug|x64.ActiveCfg = Debug|Any CPU
		{9BCE8965-3956-4616-AA37-FCC199ED313D}.Debug|x64.Build.0 = Debug|Any CPU
		{9BCE8965-3956-4616-AA37-FCC199ED313D}.Debug|x86.ActiveCfg = Debug|Any CPU
		{9BCE8965-3956-4616-AA37-FCC199ED313D}.Debug|x86.Build.0 = Debug|Any CPU
		{9BCE8965-3956-4616-AA37-FCC199ED313D}.Release|Any CPU.ActiveCfg = Release|Any CPU
		{9BCE8965-3956-4616-AA37-FCC199ED313D}.Release|Any CPU.Build.0 = Release|Any CPU
		{9BCE8965-3956-4616-AA37-FCC199ED313D}.Release|x64.ActiveCfg = Release|Any CPU
		{9BCE8965-3956-4616-AA37-FCC199ED313D}.Release|x64.Build.0 = Release|Any CPU
		{9BCE8965-3956-4616-AA37-FCC199ED313D}.Release|x86.ActiveCfg = Release|Any CPU
		{9BCE8965-3956-4616-AA37-FCC199ED313D}.Release|x86.Build.0 = Release|Any CPU
		{6796E0D1-5887-40F1-83A0-B8E4000AD164}.Debug|Any CPU.ActiveCfg = Debug|Any CPU
		{6796E0D1-5887-40F1-83A0-B8E4000AD164}.Debug|Any CPU.Build.0 = Debug|Any CPU
		{6796E0D1-5887-40F1-83A0-B8E4000AD164}.Debug|x64.ActiveCfg = Debug|Any CPU
		{6796E0D1-5887-40F1-83A0-B8E4000AD164}.Debug|x64.Build.0 = Debug|Any CPU
		{6796E0D1-5887-40F1-83A0-B8E4000AD164}.Debug|x86.ActiveCfg = Debug|Any CPU
		{6796E0D1-5887-40F1-83A0-B8E4000AD164}.Debug|x86.Build.0 = Debug|Any CPU
		{6796E0D1-5887-40F1-83A0-B8E4000AD164}.Release|Any CPU.ActiveCfg = Release|Any CPU
		{6796E0D1-5887-40F1-83A0-B8E4000AD164}.Release|Any CPU.Build.0 = Release|Any CPU
		{6796E0D1-5887-40F1-83A0-B8E4000AD164}.Release|x64.ActiveCfg = Release|Any CPU
		{6796E0D1-5887-40F1-83A0-B8E4000AD164}.Release|x64.Build.0 = Release|Any CPU
		{6796E0D1-5887-40F1-83A0-B8E4000AD164}.Release|x86.ActiveCfg = Release|Any CPU
		{6796E0D1-5887-40F1-83A0-B8E4000AD164}.Release|x86.Build.0 = Release|Any CPU
		{BCFCCD1F-F443-4548-A815-F418466BC845}.Debug|Any CPU.ActiveCfg = Debug|Any CPU
		{BCFCCD1F-F443-4548-A815-F418466BC845}.Debug|Any CPU.Build.0 = Debug|Any CPU
		{BCFCCD1F-F443-4548-A815-F418466BC845}.Debug|x64.ActiveCfg = Debug|Any CPU
		{BCFCCD1F-F443-4548-A815-F418466BC845}.Debug|x64.Build.0 = Debug|Any CPU
		{BCFCCD1F-F443-4548-A815-F418466BC845}.Debug|x86.ActiveCfg = Debug|Any CPU
		{BCFCCD1F-F443-4548-A815-F418466BC845}.Debug|x86.Build.0 = Debug|Any CPU
		{BCFCCD1F-F443-4548-A815-F418466BC845}.Release|Any CPU.ActiveCfg = Release|Any CPU
		{BCFCCD1F-F443-4548-A815-F418466BC845}.Release|Any CPU.Build.0 = Release|Any CPU
		{BCFCCD1F-F443-4548-A815-F418466BC845}.Release|x64.ActiveCfg = Release|Any CPU
		{BCFCCD1F-F443-4548-A815-F418466BC845}.Release|x64.Build.0 = Release|Any CPU
		{BCFCCD1F-F443-4548-A815-F418466BC845}.Release|x86.ActiveCfg = Release|Any CPU
		{BCFCCD1F-F443-4548-A815-F418466BC845}.Release|x86.Build.0 = Release|Any CPU
		{DEE69ACE-B1AC-4F26-9538-9AE7186B1A55}.Debug|Any CPU.ActiveCfg = Debug|Any CPU
		{DEE69ACE-B1AC-4F26-9538-9AE7186B1A55}.Debug|Any CPU.Build.0 = Debug|Any CPU
		{DEE69ACE-B1AC-4F26-9538-9AE7186B1A55}.Debug|x64.ActiveCfg = Debug|Any CPU
		{DEE69ACE-B1AC-4F26-9538-9AE7186B1A55}.Debug|x64.Build.0 = Debug|Any CPU
		{DEE69ACE-B1AC-4F26-9538-9AE7186B1A55}.Debug|x86.ActiveCfg = Debug|Any CPU
		{DEE69ACE-B1AC-4F26-9538-9AE7186B1A55}.Debug|x86.Build.0 = Debug|Any CPU
		{DEE69ACE-B1AC-4F26-9538-9AE7186B1A55}.Release|Any CPU.ActiveCfg = Release|Any CPU
		{DEE69ACE-B1AC-4F26-9538-9AE7186B1A55}.Release|Any CPU.Build.0 = Release|Any CPU
		{DEE69ACE-B1AC-4F26-9538-9AE7186B1A55}.Release|x64.ActiveCfg = Release|Any CPU
		{DEE69ACE-B1AC-4F26-9538-9AE7186B1A55}.Release|x64.Build.0 = Release|Any CPU
		{DEE69ACE-B1AC-4F26-9538-9AE7186B1A55}.Release|x86.ActiveCfg = Release|Any CPU
		{DEE69ACE-B1AC-4F26-9538-9AE7186B1A55}.Release|x86.Build.0 = Release|Any CPU
		{9539125B-706E-4A3A-9364-53FD2BE435F9}.Debug|Any CPU.ActiveCfg = Debug|Any CPU
		{9539125B-706E-4A3A-9364-53FD2BE435F9}.Debug|Any CPU.Build.0 = Debug|Any CPU
		{9539125B-706E-4A3A-9364-53FD2BE435F9}.Debug|x64.ActiveCfg = Debug|Any CPU
		{9539125B-706E-4A3A-9364-53FD2BE435F9}.Debug|x64.Build.0 = Debug|Any CPU
		{9539125B-706E-4A3A-9364-53FD2BE435F9}.Debug|x86.ActiveCfg = Debug|Any CPU
		{9539125B-706E-4A3A-9364-53FD2BE435F9}.Debug|x86.Build.0 = Debug|Any CPU
		{9539125B-706E-4A3A-9364-53FD2BE435F9}.Release|Any CPU.ActiveCfg = Release|Any CPU
		{9539125B-706E-4A3A-9364-53FD2BE435F9}.Release|Any CPU.Build.0 = Release|Any CPU
		{9539125B-706E-4A3A-9364-53FD2BE435F9}.Release|x64.ActiveCfg = Release|Any CPU
		{9539125B-706E-4A3A-9364-53FD2BE435F9}.Release|x64.Build.0 = Release|Any CPU
		{9539125B-706E-4A3A-9364-53FD2BE435F9}.Release|x86.ActiveCfg = Release|Any CPU
		{9539125B-706E-4A3A-9364-53FD2BE435F9}.Release|x86.Build.0 = Release|Any CPU
	EndGlobalSection
	GlobalSection(SolutionProperties) = preSolution
		HideSolutionNode = FALSE
	EndGlobalSection
	GlobalSection(NestedProjects) = preSolution
		{BBA14BC2-2E1D-4A6F-882C-A89A4D02EF35} = {B15772A2-D850-40B1-A133-FD0EAB6E3691}
		{23F7F95D-A53B-4353-9756-D12B10A4C438} = {B15772A2-D850-40B1-A133-FD0EAB6E3691}
		{2CBE3C11-48FC-44DD-ABDD-BB73E6D3E31E} = {57F78263-5BD0-4D34-8F12-0940E209825E}
		{E9DA177C-C6DA-445F-A067-2634B0BBFB96} = {57F78263-5BD0-4D34-8F12-0940E209825E}
		{9BCE8965-3956-4616-AA37-FCC199ED313D} = {0D634303-8D75-4E4A-99E0-EA5830AD3B37}
		{BCFCCD1F-F443-4548-A815-F418466BC845} = {0D634303-8D75-4E4A-99E0-EA5830AD3B37}
		{DEE69ACE-B1AC-4F26-9538-9AE7186B1A55} = {B15772A2-D850-40B1-A133-FD0EAB6E3691}
		{9539125B-706E-4A3A-9364-53FD2BE435F9} = {B15772A2-D850-40B1-A133-FD0EAB6E3691}
	EndGlobalSection
	GlobalSection(ExtensibilityGlobals) = postSolution
		SolutionGuid = {15E84549-24A9-47FD-8D7D-6AFE4E9049C0}
	EndGlobalSection
EndGlobal
